// !$*UTF8*$!
{
	archiveVersion = 1;
	classes = {
	};
	objectVersion = 56;
	objects = {

/* Begin PBXBuildFile section */
		D3B8A42728531F6500C5A88C /* SwiftUIiOS16FeatureApp.swift in Sources */ = {isa = PBXBuildFile; fileRef = D3B8A42628531F6500C5A88C /* SwiftUIiOS16FeatureApp.swift */; };
		D3B8A42928531F6500C5A88C /* ContentView.swift in Sources */ = {isa = PBXBuildFile; fileRef = D3B8A42828531F6500C5A88C /* ContentView.swift */; };
		D3B8A42B28531F6500C5A88C /* Assets.xcassets in Resources */ = {isa = PBXBuildFile; fileRef = D3B8A42A28531F6500C5A88C /* Assets.xcassets */; };
		D3B8A42E28531F6500C5A88C /* Preview Assets.xcassets in Resources */ = {isa = PBXBuildFile; fileRef = D3B8A42D28531F6500C5A88C /* Preview Assets.xcassets */; };
		D3B8A43628531FCD00C5A88C /* BarValues.swift in Sources */ = {isa = PBXBuildFile; fileRef = D3B8A43528531FCD00C5A88C /* BarValues.swift */; };
		D3B8A4382853203D00C5A88C /* BarChatView.swift in Sources */ = {isa = PBXBuildFile; fileRef = D3B8A4372853203D00C5A88C /* BarChatView.swift */; };
		D3B8A43B285323A000C5A88C /* SwiftIconWithGradientAndShadow.swift in Sources */ = {isa = PBXBuildFile; fileRef = D3B8A43A285323A000C5A88C /* SwiftIconWithGradientAndShadow.swift */; };
/* End PBXBuildFile section */

/* Begin PBXFileReference section */
		D3B8A42328531F6500C5A88C /* SwiftUIiOS16Feature.app */ = {isa = PBXFileReference; explicitFileType = wrapper.application; includeInIndex = 0; path = SwiftUIiOS16Feature.app; sourceTree = BUILT_PRODUCTS_DIR; };
		D3B8A42628531F6500C5A88C /* SwiftUIiOS16FeatureApp.swift */ = {isa = PBXFileReference; lastKnownFileType = sourcecode.swift; path = SwiftUIiOS16FeatureApp.swift; sourceTree = "<group>"; };
		D3B8A42828531F6500C5A88C /* ContentView.swift */ = {isa = PBXFileReference; lastKnownFileType = sourcecode.swift; path = ContentView.swift; sourceTree = "<group>"; };
		D3B8A42A28531F6500C5A88C /* Assets.xcassets */ = {isa = PBXFileReference; lastKnownFileType = folder.assetcatalog; path = Assets.xcassets; sourceTree = "<group>"; };
		D3B8A42D28531F6500C5A88C /* Preview Assets.xcassets */ = {isa = PBXFileReference; lastKnownFileType = folder.assetcatalog; path = "Preview Assets.xcassets"; sourceTree = "<group>"; };
		D3B8A43528531FCD00C5A88C /* BarValues.swift */ = {isa = PBXFileReference; lastKnownFileType = sourcecode.swift; path = BarValues.swift; sourceTree = "<group>"; };
		D3B8A4372853203D00C5A88C /* BarChatView.swift */ = {isa = PBXFileReference; lastKnownFileType = sourcecode.swift; path = BarChatView.swift; sourceTree = "<group>"; };
		D3B8A43A285323A000C5A88C /* SwiftIconWithGradientAndShadow.swift */ = {isa = PBXFileReference; lastKnownFileType = sourcecode.swift; path = SwiftIconWithGradientAndShadow.swift; sourceTree = "<group>"; };
/* End PBXFileReference section */

/* Begin PBXFrameworksBuildPhase section */
		D3B8A42028531F6500C5A88C /* Frameworks */ = {
			isa = PBXFrameworksBuildPhase;
			buildActionMask = 2147483647;
			files = (
			);
			runOnlyForDeploymentPostprocessing = 0;
		};
/* End PBXFrameworksBuildPhase section */

/* Begin PBXGroup section */
		D3B8A41A28531F6400C5A88C = {
			isa = PBXGroup;
			children = (
				D3B8A42528531F6500C5A88C /* SwiftUIiOS16Feature */,
				D3B8A42428531F6500C5A88C /* Products */,
			);
			sourceTree = "<group>";
		};
		D3B8A42428531F6500C5A88C /* Products */ = {
			isa = PBXGroup;
			children = (
				D3B8A42328531F6500C5A88C /* SwiftUIiOS16Feature.app */,
			);
			name = Products;
			sourceTree = "<group>";
		};
		D3B8A42528531F6500C5A88C /* SwiftUIiOS16Feature */ = {
			isa = PBXGroup;
			children = (
				D3B8A4392853237600C5A88C /* GradientsAndShadows */,
				D3B8A43428531FAD00C5A88C /* SwiftUICharts */,
				D3B8A42628531F6500C5A88C /* SwiftUIiOS16FeatureApp.swift */,
				D3B8A42828531F6500C5A88C /* ContentView.swift */,
				D3B8A42A28531F6500C5A88C /* Assets.xcassets */,
				D3B8A42C28531F6500C5A88C /* Preview Content */,
			);
			path = SwiftUIiOS16Feature;
			sourceTree = "<group>";
		};
		D3B8A42C28531F6500C5A88C /* Preview Content */ = {
			isa = PBXGroup;
			children = (
				D3B8A42D28531F6500C5A88C /* Preview Assets.xcassets */,
			);
			path = "Preview Content";
			sourceTree = "<group>";
		};
		D3B8A43428531FAD00C5A88C /* SwiftUICharts */ = {
			isa = PBXGroup;
			children = (
				D3B8A43528531FCD00C5A88C /* BarValues.swift */,
				D3B8A4372853203D00C5A88C /* BarChatView.swift */,
			);
			path = SwiftUICharts;
			sourceTree = "<group>";
		};
		D3B8A4392853237600C5A88C /* GradientsAndShadows */ = {
			isa = PBXGroup;
			children = (
				D3B8A43A285323A000C5A88C /* SwiftIconWithGradientAndShadow.swift */,
			);
			path = GradientsAndShadows;
			sourceTree = "<group>";
		};
/* End PBXGroup section */

/* Begin PBXNativeTarget section */
		D3B8A42228531F6500C5A88C /* SwiftUIiOS16Feature */ = {
			isa = PBXNativeTarget;
			buildConfigurationList = D3B8A43128531F6500C5A88C /* Build configuration list for PBXNativeTarget "SwiftUIiOS16Feature" */;
			buildPhases = (
				D3B8A41F28531F6500C5A88C /* Sources */,
				D3B8A42028531F6500C5A88C /* Frameworks */,
				D3B8A42128531F6500C5A88C /* Resources */,
			);
			buildRules = (
			);
			dependencies = (
			);
			name = SwiftUIiOS16Feature;
			productName = SwiftUIiOS16Feature;
			productReference = D3B8A42328531F6500C5A88C /* SwiftUIiOS16Feature.app */;
			productType = "com.apple.product-type.application";
		};
/* End PBXNativeTarget section */

/* Begin PBXProject section */
		D3B8A41B28531F6400C5A88C /* Project object */ = {
			isa = PBXProject;
			attributes = {
				BuildIndependentTargetsInParallel = 1;
				LastSwiftUpdateCheck = 1400;
				LastUpgradeCheck = 1400;
				TargetAttributes = {
					D3B8A42228531F6500C5A88C = {
						CreatedOnToolsVersion = 14.0;
					};
				};
			};
			buildConfigurationList = D3B8A41E28531F6400C5A88C /* Build configuration list for PBXProject "SwiftUIiOS16Feature" */;
			compatibilityVersion = "Xcode 14.0";
			developmentRegion = en;
			hasScannedForEncodings = 0;
			knownRegions = (
				en,
				Base,
			);
			mainGroup = D3B8A41A28531F6400C5A88C;
			productRefGroup = D3B8A42428531F6500C5A88C /* Products */;
			projectDirPath = "";
			projectRoot = "";
			targets = (
				D3B8A42228531F6500C5A88C /* SwiftUIiOS16Feature */,
			);
		};
/* End PBXProject section */

/* Begin PBXResourcesBuildPhase section */
		D3B8A42128531F6500C5A88C /* Resources */ = {
			isa = PBXResourcesBuildPhase;
			buildActionMask = 2147483647;
			files = (
				D3B8A42E28531F6500C5A88C /* Preview Assets.xcassets in Resources */,
				D3B8A42B28531F6500C5A88C /* Assets.xcassets in Resources */,
			);
			runOnlyForDeploymentPostprocessing = 0;
		};
/* End PBXResourcesBuildPhase section */

/* Begin PBXSourcesBuildPhase section */
		D3B8A41F28531F6500C5A88C /* Sources */ = {
			isa = PBXSourcesBuildPhase;
			buildActionMask = 2147483647;
			files = (
				D3B8A43B285323A000C5A88C /* SwiftIconWithGradientAndShadow.swift in Sources */,
				D3B8A4382853203D00C5A88C /* BarChatView.swift in Sources */,
				D3B8A42928531F6500C5A88C /* ContentView.swift in Sources */,
				D3B8A42728531F6500C5A88C /* SwiftUIiOS16FeatureApp.swift in Sources */,
				D3B8A43628531FCD00C5A88C /* BarValues.swift in Sources */,
			);
			runOnlyForDeploymentPostprocessing = 0;
		};
/* End PBXSourcesBuildPhase section */

/* Begin XCBuildConfiguration section */
		D3B8A42F28531F6500C5A88C /* Debug */ = {
			isa = XCBuildConfiguration;
			buildSettings = {
				ALWAYS_SEARCH_USER_PATHS = NO;
				CLANG_ANALYZER_NONNULL = YES;
				CLANG_ANALYZER_NUMBER_OBJECT_CONVERSION = YES_AGGRESSIVE;
				CLANG_CXX_LANGUAGE_STANDARD = "gnu++17";
				CLANG_ENABLE_MODULES = YES;
				CLANG_ENABLE_OBJC_ARC = YES;
				CLANG_ENABLE_OBJC_WEAK = YES;
				CLANG_WARN_BLOCK_CAPTURE_AUTORELEASING = YES;
				CLANG_WARN_BOOL_CONVERSION = YES;
				CLANG_WARN_COMMA = YES;
				CLANG_WARN_CONSTANT_CONVERSION = YES;
				CLANG_WARN_DEPRECATED_OBJC_IMPLEMENTATIONS = YES;
				CLANG_WARN_DIRECT_OBJC_ISA_USAGE = YES_ERROR;
				CLANG_WARN_DOCUMENTATION_COMMENTS = YES;
				CLANG_WARN_EMPTY_BODY = YES;
				CLANG_WARN_ENUM_CONVERSION = YES;
				CLANG_WARN_INFINITE_RECURSION = YES;
				CLANG_WARN_INT_CONVERSION = YES;
				CLANG_WARN_NON_LITERAL_NULL_CONVERSION = YES;
				CLANG_WARN_OBJC_IMPLICIT_RETAIN_SELF = YES;
				CLANG_WARN_OBJC_LITERAL_CONVERSION = YES;
				CLANG_WARN_OBJC_ROOT_CLASS = YES_ERROR;
				CLANG_WARN_QUOTED_INCLUDE_IN_FRAMEWORK_HEADER = YES;
				CLANG_WARN_RANGE_LOOP_ANALYSIS = YES;
				CLANG_WARN_STRICT_PROTOTYPES = YES;
				CLANG_WARN_SUSPICIOUS_MOVE = YES;
				CLANG_WARN_UNGUARDED_AVAILABILITY = YES_AGGRESSIVE;
				CLANG_WARN_UNREACHABLE_CODE = YES;
				CLANG_WARN__DUPLICATE_METHOD_MATCH = YES;
				COPY_PHASE_STRIP = NO;
				DEBUG_INFORMATION_FORMAT = dwarf;
				ENABLE_STRICT_OBJC_MSGSEND = YES;
				ENABLE_TESTABILITY = YES;
				GCC_C_LANGUAGE_STANDARD = gnu11;
				GCC_DYNAMIC_NO_PIC = NO;
				GCC_NO_COMMON_BLOCKS = YES;
				GCC_OPTIMIZATION_LEVEL = 0;
				GCC_PREPROCESSOR_DEFINITIONS = (
					"DEBUG=1",
					"$(inherited)",
				);
				GCC_WARN_64_TO_32_BIT_CONVERSION = YES;
				GCC_WARN_ABOUT_RETURN_TYPE = YES_ERROR;
				GCC_WARN_UNDECLARED_SELECTOR = YES;
				GCC_WARN_UNINITIALIZED_AUTOS = YES_AGGRESSIVE;
				GCC_WARN_UNUSED_FUNCTION = YES;
				GCC_WARN_UNUSED_VARIABLE = YES;
				IPHONEOS_DEPLOYMENT_TARGET = 16.0;
				MTL_ENABLE_DEBUG_INFO = INCLUDE_SOURCE;
				MTL_FAST_MATH = YES;
				ONLY_ACTIVE_ARCH = YES;
				SDKROOT = iphoneos;
				SWIFT_ACTIVE_COMPILATION_CONDITIONS = DEBUG;
				SWIFT_OPTIMIZATION_LEVEL = "-Onone";
			};
			name = Debug;
		};
		D3B8A43028531F6500C5A88C /* Release */ = {
			isa = XCBuildConfiguration;
			buildSettings = {
				ALWAYS_SEARCH_USER_PATHS = NO;
				CLANG_ANALYZER_NONNULL = YES;
				CLANG_ANALYZER_NUMBER_OBJECT_CONVERSION = YES_AGGRESSIVE;
				CLANG_CXX_LANGUAGE_STANDARD = "gnu++17";
				CLANG_ENABLE_MODULES = YES;
				CLANG_ENABLE_OBJC_ARC = YES;
				CLANG_ENABLE_OBJC_WEAK = YES;
				CLANG_WARN_BLOCK_CAPTURE_AUTORELEASING = YES;
				CLANG_WARN_BOOL_CONVERSION = YES;
				CLANG_WARN_COMMA = YES;
				CLANG_WARN_CONSTANT_CONVERSION = YES;
				CLANG_WARN_DEPRECATED_OBJC_IMPLEMENTATIONS = YES;
				CLANG_WARN_DIRECT_OBJC_ISA_USAGE = YES_ERROR;
				CLANG_WARN_DOCUMENTATION_COMMENTS = YES;
				CLANG_WARN_EMPTY_BODY = YES;
				CLANG_WARN_ENUM_CONVERSION = YES;
				CLANG_WARN_INFINITE_RECURSION = YES;
				CLANG_WARN_INT_CONVERSION = YES;
				CLANG_WARN_NON_LITERAL_NULL_CONVERSION = YES;
				CLANG_WARN_OBJC_IMPLICIT_RETAIN_SELF = YES;
				CLANG_WARN_OBJC_LITERAL_CONVERSION = YES;
				CLANG_WARN_OBJC_ROOT_CLASS = YES_ERROR;
				CLANG_WARN_QUOTED_INCLUDE_IN_FRAMEWORK_HEADER = YES;
				CLANG_WARN_RANGE_LOOP_ANALYSIS = YES;
				CLANG_WARN_STRICT_PROTOTYPES = YES;
				CLANG_WARN_SUSPICIOUS_MOVE = YES;
				CLANG_WARN_UNGUARDED_AVAILABILITY = YES_AGGRESSIVE;
				CLANG_WARN_UNREACHABLE_CODE = YES;
				CLANG_WARN__DUPLICATE_METHOD_MATCH = YES;
				COPY_PHASE_STRIP = NO;
				DEBUG_INFORMATION_FORMAT = "dwarf-with-dsym";
				ENABLE_NS_ASSERTIONS = NO;
				ENABLE_STRICT_OBJC_MSGSEND = YES;
				GCC_C_LANGUAGE_STANDARD = gnu11;
				GCC_NO_COMMON_BLOCKS = YES;
				GCC_WARN_64_TO_32_BIT_CONVERSION = YES;
				GCC_WARN_ABOUT_RETURN_TYPE = YES_ERROR;
				GCC_WARN_UNDECLARED_SELECTOR = YES;
				GCC_WARN_UNINITIALIZED_AUTOS = YES_AGGRESSIVE;
				GCC_WARN_UNUSED_FUNCTION = YES;
				GCC_WARN_UNUSED_VARIABLE = YES;
				IPHONEOS_DEPLOYMENT_TARGET = 16.0;
				MTL_ENABLE_DEBUG_INFO = NO;
				MTL_FAST_MATH = YES;
				SDKROOT = iphoneos;
				SWIFT_COMPILATION_MODE = wholemodule;
				SWIFT_OPTIMIZATION_LEVEL = "-O";
				VALIDATE_PRODUCT = YES;
			};
			name = Release;
		};
		D3B8A43228531F6500C5A88C /* Debug */ = {
			isa = XCBuildConfiguration;
			buildSettings = {
				ASSETCATALOG_COMPILER_APPICON_NAME = AppIcon;
				ASSETCATALOG_COMPILER_GLOBAL_ACCENT_COLOR_NAME = AccentColor;
				CODE_SIGN_STYLE = Automatic;
				CURRENT_PROJECT_VERSION = 1;
				DEVELOPMENT_ASSET_PATHS = "\"SwiftUIiOS16Feature/Preview Content\"";
				DEVELOPMENT_TEAM = T2C24KCSV2;
				ENABLE_PREVIEWS = YES;
				GENERATE_INFOPLIST_FILE = YES;
				INFOPLIST_KEY_UIApplicationSceneManifest_Generation = YES;
				INFOPLIST_KEY_UIApplicationSupportsIndirectInputEvents = YES;
				INFOPLIST_KEY_UILaunchScreen_Generation = YES;
				INFOPLIST_KEY_UISupportedInterfaceOrientations_iPad = "UIInterfaceOrientationPortrait UIInterfaceOrientationPortraitUpsideDown UIInterfaceOrientationLandscapeLeft UIInterfaceOrientationLandscapeRight";
				INFOPLIST_KEY_UISupportedInterfaceOrientations_iPhone = "UIInterfaceOrientationPortrait UIInterfaceOrientationLandscapeLeft UIInterfaceOrientationLandscapeRight";
				LD_RUNPATH_SEARCH_PATHS = (
					"$(inherited)",
					"@executable_path/Frameworks",
				);
				MARKETING_VERSION = 1.0;
				PRODUCT_BUNDLE_IDENTIFIER = DimitriPocheron.SwiftUIiOS16Feature;
				PRODUCT_NAME = "$(TARGET_NAME)";
				SWIFT_EMIT_LOC_STRINGS = YES;
				SWIFT_VERSION = 5.0;
				TARGETED_DEVICE_FAMILY = "1,2";
			};
			name = Debug;
		};
		D3B8A43328531F6500C5A88C /* Release */ = {
			isa = XCBuildConfiguration;
			buildSettings = {
				ASSETCATALOG_COMPILER_APPICON_NAME = AppIcon;
				ASSETCATALOG_COMPILER_GLOBAL_ACCENT_COLOR_NAME = AccentColor;
				CODE_SIGN_STYLE = Automatic;
				CURRENT_PROJECT_VERSION = 1;
				DEVELOPMENT_ASSET_PATHS = "\"SwiftUIiOS16Feature/Preview Content\"";
				DEVELOPMENT_TEAM = T2C24KCSV2;
				ENABLE_PREVIEWS = YES;
				GENERATE_INFOPLIST_FILE = YES;
				INFOPLIST_KEY_UIApplicationSceneManifest_Generation = YES;
				INFOPLIST_KEY_UIApplicationSupportsIndirectInputEvents = YES;
				INFOPLIST_KEY_UILaunchScreen_Generation = YES;
				INFOPLIST_KEY_UISupportedInterfaceOrientations_iPad = "UIInterfaceOrientationPortrait UIInterfaceOrientationPortraitUpsideDown UIInterfaceOrientationLandscapeLeft UIInterfaceOrientationLandscapeRight";
				INFOPLIST_KEY_UISupportedInterfaceOrientations_iPhone = "UIInterfaceOrientationPortrait UIInterfaceOrientationLandscapeLeft UIInterfaceOrientationLandscapeRight";
				LD_RUNPATH_SEARCH_PATHS = (
					"$(inherited)",
					"@executable_path/Frameworks",
				);
				MARKETING_VERSION = 1.0;
				PRODUCT_BUNDLE_IDENTIFIER = DimitriPocheron.SwiftUIiOS16Feature;
				PRODUCT_NAME = "$(TARGET_NAME)";
				SWIFT_EMIT_LOC_STRINGS = YES;
				SWIFT_VERSION = 5.0;
				TARGETED_DEVICE_FAMILY = "1,2";
			};
			name = Release;
		};
/* End XCBuildConfiguration section */

/* Begin XCConfigurationList section */
		D3B8A41E28531F6400C5A88C /* Build configuration list for PBXProject "SwiftUIiOS16Feature" */ = {
			isa = XCConfigurationList;
			buildConfigurations = (
				D3B8A42F28531F6500C5A88C /* Debug */,
				D3B8A43028531F6500C5A88C /* Release */,
			);
			defaultConfigurationIsVisible = 0;
			defaultConfigurationName = Release;
		};
		D3B8A43128531F6500C5A88C /* Build configuration list for PBXNativeTarget "SwiftUIiOS16Feature" */ = {
			isa = XCConfigurationList;
			buildConfigurations = (
				D3B8A43228531F6500C5A88C /* Debug */,
				D3B8A43328531F6500C5A88C /* Release */,
			);
			defaultConfigurationIsVisible = 0;
			defaultConfigurationName = Release;
		};
/* End XCConfigurationList section */
	};
	rootObject = D3B8A41B28531F6400C5A88C /* Project object */;
}
